// !$*UTF8*$!
{
	archiveVersion = 1;
	classes = {
	};
	objectVersion = 48;
	objects = {

/* Begin PBXBuildFile section */
		080F468B1F09821200588C92 /* AppDelegate.swift in Sources */ = {isa = PBXBuildFile; fileRef = 080F468A1F09821200588C92 /* AppDelegate.swift */; };
		080F468D1F09821200588C92 /* ViewController.swift in Sources */ = {isa = PBXBuildFile; fileRef = 080F468C1F09821200588C92 /* ViewController.swift */; };
		080F46901F09821200588C92 /* Main.storyboard in Resources */ = {isa = PBXBuildFile; fileRef = 080F468E1F09821200588C92 /* Main.storyboard */; };
		080F46921F09821200588C92 /* Assets.xcassets in Resources */ = {isa = PBXBuildFile; fileRef = 080F46911F09821200588C92 /* Assets.xcassets */; };
		080F46951F09821200588C92 /* LaunchScreen.storyboard in Resources */ = {isa = PBXBuildFile; fileRef = 080F46931F09821200588C92 /* LaunchScreen.storyboard */; };
		080F46AC1F0A451E00588C92 /* HED_fuse.mlmodel in Sources */ = {isa = PBXBuildFile; fileRef = 080F46AB1F0A44EA00588C92 /* HED_fuse.mlmodel */; };
		080F46AD1F0A451E00588C92 /* HED_so.mlmodel in Sources */ = {isa = PBXBuildFile; fileRef = 080F46AA1F0A44EA00588C92 /* HED_so.mlmodel */; };
		080F46AF1F0A45D200588C92 /* HED_so3.mlmodel in Sources */ = {isa = PBXBuildFile; fileRef = 080F46AE1F0A45B100588C92 /* HED_so3.mlmodel */; };
		080F46B21F0A464C00588C92 /* UIImage+CVPixelBuffer.swift in Sources */ = {isa = PBXBuildFile; fileRef = 080F46B11F0A464800588C92 /* UIImage+CVPixelBuffer.swift */; };
		080F46B41F0A46E800588C92 /* UIImage+Resize.swift in Sources */ = {isa = PBXBuildFile; fileRef = 080F46B31F0A46E800588C92 /* UIImage+Resize.swift */; };
		080F46B71F0A4AFA00588C92 /* pic1.jpg in Resources */ = {isa = PBXBuildFile; fileRef = 080F46B61F0A4AF400588C92 /* pic1.jpg */; };
/* End PBXBuildFile section */

/* Begin PBXFileReference section */
		080F46871F09821200588C92 /* HED-CoreML.app */ = {isa = PBXFileReference; explicitFileType = wrapper.application; includeInIndex = 0; path = "HED-CoreML.app"; sourceTree = BUILT_PRODUCTS_DIR; };
		080F468A1F09821200588C92 /* AppDelegate.swift */ = {isa = PBXFileReference; lastKnownFileType = sourcecode.swift; path = AppDelegate.swift; sourceTree = "<group>"; };
		080F468C1F09821200588C92 /* ViewController.swift */ = {isa = PBXFileReference; lastKnownFileType = sourcecode.swift; path = ViewController.swift; sourceTree = "<group>"; };
		080F468F1F09821200588C92 /* Base */ = {isa = PBXFileReference; lastKnownFileType = file.storyboard; name = Base; path = Base.lproj/Main.storyboard; sourceTree = "<group>"; };
		080F46911F09821200588C92 /* Assets.xcassets */ = {isa = PBXFileReference; lastKnownFileType = folder.assetcatalog; path = Assets.xcassets; sourceTree = "<group>"; };
		080F46941F09821200588C92 /* Base */ = {isa = PBXFileReference; lastKnownFileType = file.storyboard; name = Base; path = Base.lproj/LaunchScreen.storyboard; sourceTree = "<group>"; };
		080F46961F09821200588C92 /* Info.plist */ = {isa = PBXFileReference; lastKnownFileType = text.plist.xml; path = Info.plist; sourceTree = "<group>"; };
		080F46AA1F0A44EA00588C92 /* HED_so.mlmodel */ = {isa = PBXFileReference; lastKnownFileType = file.mlmodel; path = HED_so.mlmodel; sourceTree = "<group>"; };
		080F46AB1F0A44EA00588C92 /* HED_fuse.mlmodel */ = {isa = PBXFileReference; lastKnownFileType = file.mlmodel; path = HED_fuse.mlmodel; sourceTree = "<group>"; };
		080F46AE1F0A45B100588C92 /* HED_so3.mlmodel */ = {isa = PBXFileReference; lastKnownFileType = file.mlmodel; path = HED_so3.mlmodel; sourceTree = "<group>"; };
		080F46B11F0A464800588C92 /* UIImage+CVPixelBuffer.swift */ = {isa = PBXFileReference; lastKnownFileType = sourcecode.swift; path = "UIImage+CVPixelBuffer.swift"; sourceTree = "<group>"; };
		080F46B31F0A46E800588C92 /* UIImage+Resize.swift */ = {isa = PBXFileReference; lastKnownFileType = sourcecode.swift; path = "UIImage+Resize.swift"; sourceTree = "<group>"; };
		080F46B61F0A4AF400588C92 /* pic1.jpg */ = {isa = PBXFileReference; lastKnownFileType = image.jpeg; path = pic1.jpg; sourceTree = "<group>"; };
/* End PBXFileReference section */

/* Begin PBXFrameworksBuildPhase section */
		080F46841F09821200588C92 /* Frameworks */ = {
			isa = PBXFrameworksBuildPhase;
			buildActionMask = 2147483647;
			files = (
			);
			runOnlyForDeploymentPostprocessing = 0;
		};
/* End PBXFrameworksBuildPhase section */

/* Begin PBXGroup section */
		080F467E1F09821200588C92 = {
			isa = PBXGroup;
			children = (
				080F46891F09821200588C92 /* HED-CoreML */,
				080F46881F09821200588C92 /* Products */,
			);
			sourceTree = "<group>";
		};
		080F46881F09821200588C92 /* Products */ = {
			isa = PBXGroup;
			children = (
				080F46871F09821200588C92 /* HED-CoreML.app */,
			);
			name = Products;
			sourceTree = "<group>";
		};
		080F46891F09821200588C92 /* HED-CoreML */ = {
			isa = PBXGroup;
			children = (
				080F468A1F09821200588C92 /* AppDelegate.swift */,
				080F468C1F09821200588C92 /* ViewController.swift */,
				080F46B51F0A4AF400588C92 /* Images */,
				080F46B01F0A463E00588C92 /* Utils */,
				080F469C1F0986BF00588C92 /* Models */,
				080F468E1F09821200588C92 /* Main.storyboard */,
				080F46911F09821200588C92 /* Assets.xcassets */,
				080F46931F09821200588C92 /* LaunchScreen.storyboard */,
				080F46961F09821200588C92 /* Info.plist */,
			);
			path = "HED-CoreML";
			sourceTree = "<group>";
		};
		080F469C1F0986BF00588C92 /* Models */ = {
			isa = PBXGroup;
			children = (
				080F46AB1F0A44EA00588C92 /* HED_fuse.mlmodel */,
				080F46AA1F0A44EA00588C92 /* HED_so.mlmodel */,
				080F46AE1F0A45B100588C92 /* HED_so3.mlmodel */,
			);
			path = Models;
			sourceTree = "<group>";
		};
		080F46B01F0A463E00588C92 /* Utils */ = {
			isa = PBXGroup;
			children = (
				080F46B11F0A464800588C92 /* UIImage+CVPixelBuffer.swift */,
				080F46B31F0A46E800588C92 /* UIImage+Resize.swift */,
			);
			path = Utils;
			sourceTree = "<group>";
		};
		080F46B51F0A4AF400588C92 /* Images */ = {
			isa = PBXGroup;
			children = (
				080F46B61F0A4AF400588C92 /* pic1.jpg */,
			);
			path = Images;
			sourceTree = "<group>";
		};
/* End PBXGroup section */

/* Begin PBXNativeTarget section */
		080F46861F09821200588C92 /* HED-CoreML */ = {
			isa = PBXNativeTarget;
			buildConfigurationList = 080F46991F09821200588C92 /* Build configuration list for PBXNativeTarget "HED-CoreML" */;
			buildPhases = (
				080F46831F09821200588C92 /* Sources */,
				080F46841F09821200588C92 /* Frameworks */,
				080F46851F09821200588C92 /* Resources */,
			);
			buildRules = (
			);
			dependencies = (
			);
			name = "HED-CoreML";
			productName = "HED-CoreML";
			productReference = 080F46871F09821200588C92 /* HED-CoreML.app */;
			productType = "com.apple.product-type.application";
		};
/* End PBXNativeTarget section */

/* Begin PBXProject section */
		080F467F1F09821200588C92 /* Project object */ = {
			isa = PBXProject;
			attributes = {
				LastSwiftUpdateCheck = 0900;
				LastUpgradeCheck = 0900;
				ORGANIZATIONNAME = s1ddok;
				TargetAttributes = {
					080F46861F09821200588C92 = {
						CreatedOnToolsVersion = 9.0;
					};
				};
			};
			buildConfigurationList = 080F46821F09821200588C92 /* Build configuration list for PBXProject "HED-CoreML" */;
			compatibilityVersion = "Xcode 8.0";
			developmentRegion = en;
			hasScannedForEncodings = 0;
			knownRegions = (
				en,
				Base,
			);
			mainGroup = 080F467E1F09821200588C92;
			productRefGroup = 080F46881F09821200588C92 /* Products */;
			projectDirPath = "";
			projectRoot = "";
			targets = (
				080F46861F09821200588C92 /* HED-CoreML */,
			);
		};
/* End PBXProject section */

/* Begin PBXResourcesBuildPhase section */
		080F46851F09821200588C92 /* Resources */ = {
			isa = PBXResourcesBuildPhase;
			buildActionMask = 2147483647;
			files = (
				080F46B71F0A4AFA00588C92 /* pic1.jpg in Resources */,
				080F46951F09821200588C92 /* LaunchScreen.storyboard in Resources */,
				080F46921F09821200588C92 /* Assets.xcassets in Resources */,
				080F46901F09821200588C92 /* Main.storyboard in Resources */,
			);
			runOnlyForDeploymentPostprocessing = 0;
		};
/* End PBXResourcesBuildPhase section */

/* Begin PBXSourcesBuildPhase section */
		080F46831F09821200588C92 /* Sources */ = {
			isa = PBXSourcesBuildPhase;
			buildActionMask = 2147483647;
			files = (
				080F46B41F0A46E800588C92 /* UIImage+Resize.swift in Sources */,
				080F46AF1F0A45D200588C92 /* HED_so3.mlmodel in Sources */,
				080F46B21F0A464C00588C92 /* UIImage+CVPixelBuffer.swift in Sources */,
				080F46AD1F0A451E00588C92 /* HED_so.mlmodel in Sources */,
				080F468D1F09821200588C92 /* ViewController.swift in Sources */,
				080F46AC1F0A451E00588C92 /* HED_fuse.mlmodel in Sources */,
				080F468B1F09821200588C92 /* AppDelegate.swift in Sources */,
			);
			runOnlyForDeploymentPostprocessing = 0;
		};
/* End PBXSourcesBuildPhase section */

/* Begin PBXVariantGroup section */
		080F468E1F09821200588C92 /* Main.storyboard */ = {
			isa = PBXVariantGroup;
			children = (
				080F468F1F09821200588C92 /* Base */,
			);
			name = Main.storyboard;
			sourceTree = "<group>";
		};
		080F46931F09821200588C92 /* LaunchScreen.storyboard */ = {
			isa = PBXVariantGroup;
			children = (
				080F46941F09821200588C92 /* Base */,
			);
			name = LaunchScreen.storyboard;
			sourceTree = "<group>";
		};
/* End PBXVariantGroup section */

/* Begin XCBuildConfiguration section */
		080F46971F09821200588C92 /* Debug */ = {
			isa = XCBuildConfiguration;
			buildSettings = {
				ALWAYS_SEARCH_USER_PATHS = NO;
				CLANG_ANALYZER_NONNULL = YES;
				CLANG_ANALYZER_NUMBER_OBJECT_CONVERSION = YES_AGGRESSIVE;
				CLANG_CXX_LANGUAGE_STANDARD = "gnu++14";
				CLANG_CXX_LIBRARY = "libc++";
				CLANG_ENABLE_MODULES = YES;
				CLANG_ENABLE_OBJC_ARC = YES;
				CLANG_WARN_BLOCK_CAPTURE_AUTORELEASING = YES;
				CLANG_WARN_BOOL_CONVERSION = YES;
				CLANG_WARN_COMMA = YES;
				CLANG_WARN_CONSTANT_CONVERSION = YES;
				CLANG_WARN_DIRECT_OBJC_ISA_USAGE = YES_ERROR;
				CLANG_WARN_DOCUMENTATION_COMMENTS = YES;
				CLANG_WARN_EMPTY_BODY = YES;
				CLANG_WARN_ENUM_CONVERSION = YES;
				CLANG_WARN_INFINITE_RECURSION = YES;
				CLANG_WARN_INT_CONVERSION = YES;
				CLANG_WARN_OBJC_ROOT_CLASS = YES_ERROR;
				CLANG_WARN_RANGE_LOOP_ANALYSIS = YES;
				CLANG_WARN_STRICT_PROTOTYPES = YES;
				CLANG_WARN_SUSPICIOUS_MOVE = YES;
				CLANG_WARN_UNGUARDED_AVAILABILITY = YES_AGGRESSIVE;
				CLANG_WARN_UNREACHABLE_CODE = YES;
				CLANG_WARN__DUPLICATE_METHOD_MATCH = YES;
				CODE_SIGN_IDENTITY = "iPhone Developer";
				COPY_PHASE_STRIP = NO;
				DEBUG_INFORMATION_FORMAT = dwarf;
				ENABLE_STRICT_OBJC_MSGSEND = YES;
				ENABLE_TESTABILITY = YES;
				GCC_C_LANGUAGE_STANDARD = gnu11;
				GCC_DYNAMIC_NO_PIC = NO;
				GCC_NO_COMMON_BLOCKS = YES;
				GCC_OPTIMIZATION_LEVEL = 0;
				GCC_PREPROCESSOR_DEFINITIONS = (
					"DEBUG=1",
					"$(inherited)",
				);
				GCC_WARN_64_TO_32_BIT_CONVERSION = YES;
				GCC_WARN_ABOUT_RETURN_TYPE = YES_ERROR;
				GCC_WARN_UNDECLARED_SELECTOR = YES;
				GCC_WARN_UNINITIALIZED_AUTOS = YES_AGGRESSIVE;
				GCC_WARN_UNUSED_FUNCTION = YES;
				GCC_WARN_UNUSED_VARIABLE = YES;
				IPHONEOS_DEPLOYMENT_TARGET = 11.0;
				MTL_ENABLE_DEBUG_INFO = YES;
				ONLY_ACTIVE_ARCH = YES;
				SDKROOT = iphoneos;
				SWIFT_ACTIVE_COMPILATION_CONDITIONS = DEBUG;
				SWIFT_OPTIMIZATION_LEVEL = "-Onone";
			};
			name = Debug;
		};
		080F46981F09821200588C92 /* Release */ = {
			isa = XCBuildConfiguration;
			buildSettings = {
				ALWAYS_SEARCH_USER_PATHS = NO;
				CLANG_ANALYZER_NONNULL = YES;
				CLANG_ANALYZER_NUMBER_OBJECT_CONVERSION = YES_AGGRESSIVE;
				CLANG_CXX_LANGUAGE_STANDARD = "gnu++14";
				CLANG_CXX_LIBRARY = "libc++";
				CLANG_ENABLE_MODULES = YES;
				CLANG_ENABLE_OBJC_ARC = YES;
				CLANG_WARN_BLOCK_CAPTURE_AUTORELEASING = YES;
				CLANG_WARN_BOOL_CONVERSION = YES;
				CLANG_WARN_COMMA = YES;
				CLANG_WARN_CONSTANT_CONVERSION = YES;
				CLANG_WARN_DIRECT_OBJC_ISA_USAGE = YES_ERROR;
				CLANG_WARN_DOCUMENTATION_COMMENTS = YES;
				CLANG_WARN_EMPTY_BODY = YES;
				CLANG_WARN_ENUM_CONVERSION = YES;
				CLANG_WARN_INFINITE_RECURSION = YES;
				CLANG_WARN_INT_CONVERSION = YES;
				CLANG_WARN_OBJC_ROOT_CLASS = YES_ERROR;
				CLANG_WARN_RANGE_LOOP_ANALYSIS = YES;
				CLANG_WARN_STRICT_PROTOTYPES = YES;
				CLANG_WARN_SUSPICIOUS_MOVE = YES;
				CLANG_WARN_UNGUARDED_AVAILABILITY = YES_AGGRESSIVE;
				CLANG_WARN_UNREACHABLE_CODE = YES;
				CLANG_WARN__DUPLICATE_METHOD_MATCH = YES;
				CODE_SIGN_IDENTITY = "iPhone Developer";
				COPY_PHASE_STRIP = NO;
				DEBUG_INFORMATION_FORMAT = "dwarf-with-dsym";
				ENABLE_NS_ASSERTIONS = NO;
				ENABLE_STRICT_OBJC_MSGSEND = YES;
				GCC_C_LANGUAGE_STANDARD = gnu11;
				GCC_NO_COMMON_BLOCKS = YES;
				GCC_WARN_64_TO_32_BIT_CONVERSION = YES;
				GCC_WARN_ABOUT_RETURN_TYPE = YES_ERROR;
				GCC_WARN_UNDECLARED_SELECTOR = YES;
				GCC_WARN_UNINITIALIZED_AUTOS = YES_AGGRESSIVE;
				GCC_WARN_UNUSED_FUNCTION = YES;
				GCC_WARN_UNUSED_VARIABLE = YES;
				IPHONEOS_DEPLOYMENT_TARGET = 11.0;
				MTL_ENABLE_DEBUG_INFO = NO;
				SDKROOT = iphoneos;
				SWIFT_OPTIMIZATION_LEVEL = "-Owholemodule";
				VALIDATE_PRODUCT = YES;
			};
			name = Release;
		};
		080F469A1F09821200588C92 /* Debug */ = {
			isa = XCBuildConfiguration;
			buildSettings = {
				ASSETCATALOG_COMPILER_APPICON_NAME = AppIcon;
				COREML_CODEGEN_LANGUAGE = Swift;
				DEVELOPMENT_TEAM = PR6HV9J6AD;
				INFOPLIST_FILE = "HED-CoreML/Info.plist";
				LD_RUNPATH_SEARCH_PATHS = "$(inherited) @executable_path/Frameworks";
				PRODUCT_BUNDLE_IDENTIFIER = "me.s1ddok.HED-CoreML";
				PRODUCT_NAME = "$(TARGET_NAME)";
				SWIFT_VERSION = 4.0;
				TARGETED_DEVICE_FAMILY = "1,2";
			};
			name = Debug;
		};
		080F469B1F09821200588C92 /* Release */ = {
			isa = XCBuildConfiguration;
			buildSettings = {
				ASSETCATALOG_COMPILER_APPICON_NAME = AppIcon;
				COREML_CODEGEN_LANGUAGE = Swift;
				DEVELOPMENT_TEAM = PR6HV9J6AD;
				INFOPLIST_FILE = "HED-CoreML/Info.plist";
				LD_RUNPATH_SEARCH_PATHS = "$(inherited) @executable_path/Frameworks";
				PRODUCT_BUNDLE_IDENTIFIER = "me.s1ddok.HED-CoreML";
				PRODUCT_NAME = "$(TARGET_NAME)";
				SWIFT_VERSION = 4.0;
				TARGETED_DEVICE_FAMILY = "1,2";
			};
			name = Release;
		};
/* End XCBuildConfiguration section */

/* Begin XCConfigurationList section */
		080F46821F09821200588C92 /* Build configuration list for PBXProject "HED-CoreML" */ = {
			isa = XCConfigurationList;
			buildConfigurations = (
				080F46971F09821200588C92 /* Debug */,
				080F46981F09821200588C92 /* Release */,
			);
			defaultConfigurationIsVisible = 0;
			defaultConfigurationName = Release;
		};
		080F46991F09821200588C92 /* Build configuration list for PBXNativeTarget "HED-CoreML" */ = {
			isa = XCConfigurationList;
			buildConfigurations = (
				080F469A1F09821200588C92 /* Debug */,
				080F469B1F09821200588C92 /* Release */,
			);
			defaultConfigurationIsVisible = 0;
			defaultConfigurationName = Release;
		};
/* End XCConfigurationList section */
	};
	rootObject = 080F467F1F09821200588C92 /* Project object */;
}
